
Microsoft Visual Studio Solution File, Format Version 12.00
# Visual Studio 14
VisualStudioVersion = 14.0.25420.1
MinimumVisualStudioVersion = 10.0.40219.1
Project("{FAE04EC0-301F-11D3-BF4B-00C04F79EFBC}") = "PhanTanDat-b3-b1-Client", "PhanTanDat-b3-b1-Client\PhanTanDat-b3-b1-Client.csproj", "{2C5B4441-A160-4337-8B55-C32AD168B937}"
EndProject
Project("{FAE04EC0-301F-11D3-BF4B-00C04F79EFBC}") = "PhanTanDat-b3-b1-Server", "PhanTanDat-b3-b1-Server\PhanTanDat-b3-b1-Server.csproj", "{0B62EAAA-80AA-4746-A43C-37D0DC642E23}"
EndProject
Global
	GlobalSection(SolutionConfigurationPlatforms) = preSolution
		Debug|Any CPU = Debug|Any CPU
		Release|Any CPU = Release|Any CPU
	EndGlobalSection
	GlobalSection(ProjectConfigurationPlatforms) = postSolution
		{2C5B4441-A160-4337-8B55-C32AD168B937}.Debug|Any CPU.ActiveCfg = Debug|Any CPU
		{2C5B4441-A160-4337-8B55-C32AD168B937}.Debug|Any CPU.Build.0 = Debug|Any CPU
		{2C5B4441-A160-4337-8B55-C32AD168B937}.Release|Any CPU.ActiveCfg = Release|Any CPU
		{2C5B4441-A160-4337-8B55-C32AD168B937}.Release|Any CPU.Build.0 = Release|Any CPU
		{0B62EAAA-80AA-4746-A43C-37D0DC642E23}.Debug|Any CPU.ActiveCfg = Debug|Any CPU
		{0B62EAAA-80AA-4746-A43C-37D0DC642E23}.Debug|Any CPU.Build.0 = Debug|Any CPU
		{0B62EAAA-80AA-4746-A43C-37D0DC642E23}.Release|Any CPU.ActiveCfg = Release|Any CPU
		{0B62EAAA-80AA-4746-A43C-37D0DC642E23}.Release|Any CPU.Build.0 = Release|Any CPU
	EndGlobalSection
	GlobalSection(SolutionProperties) = preSolution
		HideSolutionNode = FALSE
	EndGlobalSection
EndGlobal
